{
  "version": 4,
  "terraform_version": "1.13.4",
  "serial": 29,
  "lineage": "7d73064a-8da1-80d3-cb48-f0993f9bb231",
  "outputs": {
    "public_ip": {
      "value": "52.143.170.50",
      "type": "string"
    },
    "resource_group_location": {
      "value": "francecentral",
      "type": "string"
    },
    "resource_group_name": {
      "value": "automation_ca",
      "type": "string"
    },
    "ssh_command": {
      "value": "ssh ezzwk@52.143.170.50",
      "type": "string"
    }
  },
  "resources": [
    {
      "mode": "data",
      "type": "azurerm_resource_group",
      "name": "rg",
      "provider": "provider[\"registry.terraform.io/hashicorp/azurerm\"]",
      "instances": [
        {
          "schema_version": 0,
          "attributes": {
            "id": "/subscriptions/33988914-cd1a-4af7-aca5-2a831584ccb4/resourceGroups/automation_ca",
            "location": "francecentral",
            "managed_by": "",
            "name": "automation_ca",
            "tags": {},
            "timeouts": null
          },
          "sensitive_attributes": [],
          "identity_schema_version": 0
        }
      ]
    },
    {
      "mode": "managed",
      "type": "azurerm_linux_virtual_machine",
      "name": "vm",
      "provider": "provider[\"registry.terraform.io/hashicorp/azurerm\"]",
      "instances": [
        {
          "schema_version": 0,
          "attributes": {
            "additional_capabilities": [],
            "admin_password": null,
            "admin_ssh_key": [
              {
                "public_key": "ssh-ed25519 AAAAC3NzaC1lZDI1NTE5AAAAIODzLTe+xzklcH+GOrvh65IoT2NjoUzdZPvngEhc5CdO ezzwk@cloudinfra",
                "username": "ezzwk"
              }
            ],
            "admin_username": "ezzwk",
            "allow_extension_operations": true,
            "availability_set_id": "",
            "boot_diagnostics": [],
            "bypass_platform_safety_checks_on_user_schedule_enabled": false,
            "capacity_reservation_group_id": "",
            "computer_name": "cloudInfraVm",
            "custom_data": null,
            "dedicated_host_group_id": "",
            "dedicated_host_id": "",
            "disable_password_authentication": true,
            "disk_controller_type": "",
            "edge_zone": "",
            "encryption_at_host_enabled": false,
            "eviction_policy": "",
            "extensions_time_budget": "PT1H30M",
            "gallery_application": [],
            "id": "/subscriptions/33988914-cd1a-4af7-aca5-2a831584ccb4/resourceGroups/automation_ca/providers/Microsoft.Compute/virtualMachines/cloudInfraVm",
            "identity": [],
            "license_type": "",
            "location": "francecentral",
            "max_bid_price": -1,
            "name": "cloudInfraVm",
            "network_interface_ids": [
              "/subscriptions/33988914-cd1a-4af7-aca5-2a831584ccb4/resourceGroups/automation_ca/providers/Microsoft.Network/networkInterfaces/cloudInfra-nic"
            ],
            "os_disk": [
              {
                "caching": "ReadWrite",
                "diff_disk_settings": [],
                "disk_encryption_set_id": "",
                "disk_size_gb": 30,
                "id": "/subscriptions/33988914-cd1a-4af7-aca5-2a831584ccb4/resourceGroups/AUTOMATION_CA/providers/Microsoft.Compute/disks/cloudInfraVm-osdisk",
                "name": "cloudInfraVm-osdisk",
                "secure_vm_disk_encryption_set_id": "",
                "security_encryption_type": "",
                "storage_account_type": "Standard_LRS",
                "write_accelerator_enabled": false
              }
            ],
            "os_image_notification": [],
            "os_managed_disk_id": "/subscriptions/33988914-cd1a-4af7-aca5-2a831584ccb4/resourceGroups/AUTOMATION_CA/providers/Microsoft.Compute/disks/cloudInfraVm-osdisk",
            "patch_assessment_mode": "ImageDefault",
            "patch_mode": "ImageDefault",
            "plan": [],
            "platform_fault_domain": -1,
            "priority": "Regular",
            "private_ip_address": "10.10.1.4",
            "private_ip_addresses": [
              "10.10.1.4"
            ],
            "provision_vm_agent": true,
            "proximity_placement_group_id": "",
            "public_ip_address": "52.143.170.50",
            "public_ip_addresses": [
              "52.143.170.50"
            ],
            "reboot_setting": "",
            "resource_group_name": "automation_ca",
            "secret": [],
            "secure_boot_enabled": false,
            "size": "Standard_B1s",
            "source_image_id": "",
            "source_image_reference": [
              {
                "offer": "0001-com-ubuntu-server-jammy",
                "publisher": "Canonical",
                "sku": "22_04-lts",
                "version": "latest"
              }
            ],
            "tags": {
              "env": "dev",
              "managed": "terraform",
              "project": "cloudInfra"
            },
            "termination_notification": [],
            "timeouts": null,
            "user_data": "",
            "virtual_machine_id": "e66fd0a2-21fc-4f2d-b0ba-f830b495065e",
            "virtual_machine_scale_set_id": "",
            "vm_agent_platform_updates_enabled": false,
            "vtpm_enabled": false,
            "zone": ""
          },
          "sensitive_attributes": [
            [
              {
                "type": "get_attr",
                "value": "admin_password"
              }
            ],
            [
              {
                "type": "get_attr",
                "value": "admin_ssh_key"
              }
            ],
            [
              {
                "type": "get_attr",
                "value": "custom_data"
              }
            ]
          ],
          "identity_schema_version": 0,
          "private": "eyJlMmJmYjczMC1lY2FhLTExZTYtOGY4OC0zNDM2M2JjN2M0YzAiOnsiY3JlYXRlIjoyNzAwMDAwMDAwMDAwLCJkZWxldGUiOjI3MDAwMDAwMDAwMDAsInJlYWQiOjMwMDAwMDAwMDAwMCwidXBkYXRlIjoyNzAwMDAwMDAwMDAwfX0=",
          "dependencies": [
            "azurerm_network_interface.nic",
            "azurerm_public_ip.pip",
            "azurerm_subnet.subnet",
            "azurerm_virtual_network.vnet",
            "data.azurerm_resource_group.rg"
          ]
        }
      ]
    },
    {
      "mode": "managed",
      "type": "azurerm_network_interface",
      "name": "nic",
      "provider": "provider[\"registry.terraform.io/hashicorp/azurerm\"]",
      "instances": [
        {
          "schema_version": 0,
          "attributes": {
            "accelerated_networking_enabled": false,
            "applied_dns_servers": [],
            "auxiliary_mode": "",
            "auxiliary_sku": "",
            "dns_servers": [],
            "edge_zone": "",
            "id": "/subscriptions/33988914-cd1a-4af7-aca5-2a831584ccb4/resourceGroups/automation_ca/providers/Microsoft.Network/networkInterfaces/cloudInfra-nic",
            "internal_dns_name_label": "",
            "internal_domain_name_suffix": "kckgfotmepbevlpkygltiqzs5f.parx.internal.cloudapp.net",
            "ip_configuration": [
              {
                "gateway_load_balancer_frontend_ip_configuration_id": "",
                "name": "primary",
                "primary": true,
                "private_ip_address": "10.10.1.4",
                "private_ip_address_allocation": "Dynamic",
                "private_ip_address_version": "IPv4",
                "public_ip_address_id": "/subscriptions/33988914-cd1a-4af7-aca5-2a831584ccb4/resourceGroups/automation_ca/providers/Microsoft.Network/publicIPAddresses/cloudInfra-pip",
                "subnet_id": "/subscriptions/33988914-cd1a-4af7-aca5-2a831584ccb4/resourceGroups/automation_ca/providers/Microsoft.Network/virtualNetworks/cloudInfra-vnet/subnets/cloudInfra-subnet"
              }
            ],
            "ip_forwarding_enabled": false,
            "location": "francecentral",
            "mac_address": "60-45-BD-19-65-07",
            "name": "cloudInfra-nic",
            "private_ip_address": "10.10.1.4",
            "private_ip_addresses": [
              "10.10.1.4"
            ],
            "resource_group_name": "automation_ca",
            "tags": {
              "env": "dev",
              "managed": "terraform",
              "project": "cloudInfra"
            },
            "timeouts": null,
            "virtual_machine_id": "/subscriptions/33988914-cd1a-4af7-aca5-2a831584ccb4/resourceGroups/automation_ca/providers/Microsoft.Compute/virtualMachines/cloudInfraVm"
          },
          "sensitive_attributes": [],
          "identity_schema_version": 0,
          "identity": {
            "name": "cloudInfra-nic",
            "resource_group_name": "automation_ca",
            "subscription_id": "33988914-cd1a-4af7-aca5-2a831584ccb4"
          },
          "private": "eyJlMmJmYjczMC1lY2FhLTExZTYtOGY4OC0zNDM2M2JjN2M0YzAiOnsiY3JlYXRlIjoxODAwMDAwMDAwMDAwLCJkZWxldGUiOjE4MDAwMDAwMDAwMDAsInJlYWQiOjMwMDAwMDAwMDAwMCwidXBkYXRlIjoxODAwMDAwMDAwMDAwfX0=",
          "dependencies": [
            "azurerm_public_ip.pip",
            "azurerm_subnet.subnet",
            "azurerm_virtual_network.vnet",
            "data.azurerm_resource_group.rg"
          ]
        }
      ]
    },
    {
      "mode": "managed",
      "type": "azurerm_network_security_group",
      "name": "nsg",
      "provider": "provider[\"registry.terraform.io/hashicorp/azurerm\"]",
      "instances": [
        {
          "schema_version": 0,
          "attributes": {
            "id": "/subscriptions/33988914-cd1a-4af7-aca5-2a831584ccb4/resourceGroups/automation_ca/providers/Microsoft.Network/networkSecurityGroups/cloudInfra-nsg",
            "location": "francecentral",
            "name": "cloudInfra-nsg",
            "resource_group_name": "automation_ca",
            "security_rule": [
              {
                "access": "Allow",
                "description": "",
                "destination_address_prefix": "*",
                "destination_address_prefixes": [],
                "destination_application_security_group_ids": [],
                "destination_port_range": "22",
                "destination_port_ranges": [],
                "direction": "Inbound",
                "name": "allow-ssh",
                "priority": 1001,
                "protocol": "Tcp",
                "source_address_prefix": "0.0.0.0/0",
                "source_address_prefixes": [],
                "source_application_security_group_ids": [],
                "source_port_range": "*",
                "source_port_ranges": []
              },
              {
                "access": "Allow",
                "description": "",
                "destination_address_prefix": "*",
                "destination_address_prefixes": [],
                "destination_application_security_group_ids": [],
                "destination_port_range": "80",
                "destination_port_ranges": [],
                "direction": "Inbound",
                "name": "allow-http",
                "priority": 1002,
                "protocol": "Tcp",
                "source_address_prefix": "Internet",
                "source_address_prefixes": [],
                "source_application_security_group_ids": [],
                "source_port_range": "*",
                "source_port_ranges": []
              }
            ],
            "tags": {
              "env": "dev",
              "managed": "terraform",
              "project": "cloudInfra"
            },
            "timeouts": null
          },
          "sensitive_attributes": [],
          "identity_schema_version": 0,
          "identity": {
            "name": "cloudInfra-nsg",
            "resource_group_name": "automation_ca",
            "subscription_id": "33988914-cd1a-4af7-aca5-2a831584ccb4"
          },
          "private": "eyJlMmJmYjczMC1lY2FhLTExZTYtOGY4OC0zNDM2M2JjN2M0YzAiOnsiY3JlYXRlIjoxODAwMDAwMDAwMDAwLCJkZWxldGUiOjE4MDAwMDAwMDAwMDAsInJlYWQiOjMwMDAwMDAwMDAwMCwidXBkYXRlIjoxODAwMDAwMDAwMDAwfX0=",
          "dependencies": [
            "data.azurerm_resource_group.rg"
          ]
        }
      ]
    },
    {
      "mode": "managed",
      "type": "azurerm_public_ip",
      "name": "pip",
      "provider": "provider[\"registry.terraform.io/hashicorp/azurerm\"]",
      "instances": [
        {
          "schema_version": 0,
          "attributes": {
            "allocation_method": "Static",
            "ddos_protection_mode": "VirtualNetworkInherited",
            "ddos_protection_plan_id": null,
            "domain_name_label": null,
            "domain_name_label_scope": null,
            "edge_zone": "",
            "fqdn": null,
            "id": "/subscriptions/33988914-cd1a-4af7-aca5-2a831584ccb4/resourceGroups/automation_ca/providers/Microsoft.Network/publicIPAddresses/cloudInfra-pip",
            "idle_timeout_in_minutes": 4,
            "ip_address": "52.143.170.50",
            "ip_tags": {},
            "ip_version": "IPv4",
            "location": "francecentral",
            "name": "cloudInfra-pip",
            "public_ip_prefix_id": null,
            "resource_group_name": "automation_ca",
            "reverse_fqdn": null,
            "sku": "Standard",
            "sku_tier": "Regional",
            "tags": {
              "env": "dev",
              "managed": "terraform",
              "project": "cloudInfra"
            },
            "timeouts": null,
            "zones": []
          },
          "sensitive_attributes": [],
          "identity_schema_version": 0,
          "private": "eyJlMmJmYjczMC1lY2FhLTExZTYtOGY4OC0zNDM2M2JjN2M0YzAiOnsiY3JlYXRlIjoxODAwMDAwMDAwMDAwLCJkZWxldGUiOjE4MDAwMDAwMDAwMDAsInJlYWQiOjMwMDAwMDAwMDAwMCwidXBkYXRlIjoxODAwMDAwMDAwMDAwfX0=",
          "dependencies": [
            "data.azurerm_resource_group.rg"
          ]
        }
      ]
    },
    {
      "mode": "managed",
      "type": "azurerm_subnet",
      "name": "subnet",
      "provider": "provider[\"registry.terraform.io/hashicorp/azurerm\"]",
      "instances": [
        {
          "schema_version": 0,
          "attributes": {
            "address_prefixes": [
              "10.10.1.0/24"
            ],
            "default_outbound_access_enabled": true,
            "delegation": [],
            "id": "/subscriptions/33988914-cd1a-4af7-aca5-2a831584ccb4/resourceGroups/automation_ca/providers/Microsoft.Network/virtualNetworks/cloudInfra-vnet/subnets/cloudInfra-subnet",
            "ip_address_pool": [],
            "name": "cloudInfra-subnet",
            "private_endpoint_network_policies": "Disabled",
            "private_link_service_network_policies_enabled": true,
            "resource_group_name": "automation_ca",
            "service_endpoint_policy_ids": [],
            "service_endpoints": [],
            "sharing_scope": "",
            "timeouts": null,
            "virtual_network_name": "cloudInfra-vnet"
          },
          "sensitive_attributes": [],
          "identity_schema_version": 0,
          "identity": {
            "name": "cloudInfra-subnet",
            "resource_group_name": "automation_ca",
            "subscription_id": "33988914-cd1a-4af7-aca5-2a831584ccb4",
            "virtual_network_name": "cloudInfra-vnet"
          },
          "private": "eyJlMmJmYjczMC1lY2FhLTExZTYtOGY4OC0zNDM2M2JjN2M0YzAiOnsiY3JlYXRlIjoxODAwMDAwMDAwMDAwLCJkZWxldGUiOjE4MDAwMDAwMDAwMDAsInJlYWQiOjMwMDAwMDAwMDAwMCwidXBkYXRlIjoxODAwMDAwMDAwMDAwfX0=",
          "dependencies": [
            "azurerm_virtual_network.vnet",
            "data.azurerm_resource_group.rg"
          ]
        }
      ]
    },
    {
      "mode": "managed",
      "type": "azurerm_subnet_network_security_group_association",
      "name": "subnet_nsg",
      "provider": "provider[\"registry.terraform.io/hashicorp/azurerm\"]",
      "instances": [
        {
          "schema_version": 0,
          "attributes": {
            "id": "/subscriptions/33988914-cd1a-4af7-aca5-2a831584ccb4/resourceGroups/automation_ca/providers/Microsoft.Network/virtualNetworks/cloudInfra-vnet/subnets/cloudInfra-subnet",
            "network_security_group_id": "/subscriptions/33988914-cd1a-4af7-aca5-2a831584ccb4/resourceGroups/automation_ca/providers/Microsoft.Network/networkSecurityGroups/cloudInfra-nsg",
            "subnet_id": "/subscriptions/33988914-cd1a-4af7-aca5-2a831584ccb4/resourceGroups/automation_ca/providers/Microsoft.Network/virtualNetworks/cloudInfra-vnet/subnets/cloudInfra-subnet",
            "timeouts": null
          },
          "sensitive_attributes": [],
          "identity_schema_version": 0,
          "private": "eyJlMmJmYjczMC1lY2FhLTExZTYtOGY4OC0zNDM2M2JjN2M0YzAiOnsiY3JlYXRlIjoxODAwMDAwMDAwMDAwLCJkZWxldGUiOjE4MDAwMDAwMDAwMDAsInJlYWQiOjMwMDAwMDAwMDAwMH19",
          "dependencies": [
            "azurerm_network_security_group.nsg",
            "azurerm_subnet.subnet",
            "azurerm_virtual_network.vnet",
            "data.azurerm_resource_group.rg"
          ]
        }
      ]
    },
    {
      "mode": "managed",
      "type": "azurerm_virtual_network",
      "name": "vnet",
      "provider": "provider[\"registry.terraform.io/hashicorp/azurerm\"]",
      "instances": [
        {
          "schema_version": 0,
          "attributes": {
            "address_space": [
              "10.10.0.0/16"
            ],
            "bgp_community": "",
            "ddos_protection_plan": [],
            "dns_servers": [],
            "edge_zone": "",
            "encryption": [],
            "flow_timeout_in_minutes": 0,
            "guid": "ba629450-236c-4ac2-adea-c197344332fd",
            "id": "/subscriptions/33988914-cd1a-4af7-aca5-2a831584ccb4/resourceGroups/automation_ca/providers/Microsoft.Network/virtualNetworks/cloudInfra-vnet",
            "ip_address_pool": [],
            "location": "francecentral",
            "name": "cloudInfra-vnet",
            "private_endpoint_vnet_policies": "Disabled",
            "resource_group_name": "automation_ca",
            "subnet": [
              {
                "address_prefixes": [
                  "10.10.1.0/24"
                ],
                "default_outbound_access_enabled": true,
                "delegation": [],
                "id": "/subscriptions/33988914-cd1a-4af7-aca5-2a831584ccb4/resourceGroups/automation_ca/providers/Microsoft.Network/virtualNetworks/cloudInfra-vnet/subnets/cloudInfra-subnet",
                "name": "cloudInfra-subnet",
                "private_endpoint_network_policies": "Disabled",
                "private_link_service_network_policies_enabled": true,
                "route_table_id": "",
                "security_group": "/subscriptions/33988914-cd1a-4af7-aca5-2a831584ccb4/resourceGroups/automation_ca/providers/Microsoft.Network/networkSecurityGroups/cloudInfra-nsg",
                "service_endpoint_policy_ids": [],
                "service_endpoints": []
              }
            ],
            "tags": {
              "project": "cloudInfra"
            },
            "timeouts": null
          },
          "sensitive_attributes": [],
          "identity_schema_version": 0,
          "identity": {
            "name": "cloudInfra-vnet",
            "resource_group_name": "automation_ca",
            "subscription_id": "33988914-cd1a-4af7-aca5-2a831584ccb4"
          },
          "private": "eyJlMmJmYjczMC1lY2FhLTExZTYtOGY4OC0zNDM2M2JjN2M0YzAiOnsiY3JlYXRlIjoxODAwMDAwMDAwMDAwLCJkZWxldGUiOjE4MDAwMDAwMDAwMDAsInJlYWQiOjMwMDAwMDAwMDAwMCwidXBkYXRlIjoxODAwMDAwMDAwMDAwfX0=",
          "dependencies": [
            "data.azurerm_resource_group.rg"
          ]
        }
      ]
    }
  ],
  "check_results": null
}
